lockfileVersion: '9.0'

settings:
  autoInstallPeers: true
  excludeLinksFromLockfile: false

importers:

  .:
    dependencies:
      '@openzeppelin/contracts':
        specifier: ^5.2.0
        version: 5.2.0
      '@openzeppelin/contracts-upgradeable':
        specifier: ^5.2.0
        version: 5.2.0(@openzeppelin/contracts@5.2.0)
      '@story-protocol/protocol-core':
        specifier: github:storyprotocol/protocol-core-v1#v1.3.1
        version: https://codeload.github.com/storyprotocol/protocol-core-v1/tar.gz/a0cddb1d712566a550fcaca2f8df1f4f67f095ad
      '@story-protocol/protocol-periphery':
        specifier: github:storyprotocol/protocol-periphery-v1#v1.3.1
        version: https://codeload.github.com/storyprotocol/protocol-periphery-v1/tar.gz/7e84f1b9432773628309b4ca3ff840e17fe422b3
      erc6551:
        specifier: ^0.3.1
        version: 0.3.1
    devDependencies:
      ds-test:
        specifier: github:dapphub/ds-test
        version: https://codeload.github.com/dapphub/ds-test/tar.gz/e282159d5170298eb2455a6c05280ab5a73a4ef0
      forge-std:
        specifier: github:foundry-rs/forge-std#v1.7.6
        version: https://codeload.github.com/foundry-rs/forge-std/tar.gz/ae570fec082bfe1c1f45b0acca4a2b4f84d345ce

packages:

  '@openzeppelin/contracts-upgradeable@5.2.0':
    resolution: {integrity: sha512-mZIu9oa4tQTlGiOJHk6D3LdJlqFqF6oNOSn6S6UVJtzfs9UsY9/dhMEbAVTwElxUtJnjpf6yA062+oBp+eOyPg==}
    peerDependencies:
      '@openzeppelin/contracts': 5.2.0

  '@openzeppelin/contracts@5.2.0':
    resolution: {integrity: sha512-bxjNie5z89W1Ea0NZLZluFh8PrFNn9DH8DQlujEok2yjsOlraUPKID5p1Wk3qdNbf6XkQ1Os2RvfiHrrXLHWKA==}

  '@story-protocol/protocol-core@https://codeload.github.com/storyprotocol/protocol-core-v1/tar.gz/a0cddb1d712566a550fcaca2f8df1f4f67f095ad':
    resolution: {tarball: https://codeload.github.com/storyprotocol/protocol-core-v1/tar.gz/a0cddb1d712566a550fcaca2f8df1f4f67f095ad}
    version: 1.1.0

  '@story-protocol/protocol-periphery@https://codeload.github.com/storyprotocol/protocol-periphery-v1/tar.gz/7e84f1b9432773628309b4ca3ff840e17fe422b3':
    resolution: {tarball: https://codeload.github.com/storyprotocol/protocol-periphery-v1/tar.gz/7e84f1b9432773628309b4ca3ff840e17fe422b3}
    version: 1.3.1

  ds-test@https://codeload.github.com/dapphub/ds-test/tar.gz/e282159d5170298eb2455a6c05280ab5a73a4ef0:
    resolution: {tarball: https://codeload.github.com/dapphub/ds-test/tar.gz/e282159d5170298eb2455a6c05280ab5a73a4ef0}
    version: 1.0.0

  erc6551@0.3.1:
    resolution: {integrity: sha512-4+O7CJ5gn3/s2Mum1QiJDJUbGE1P1m0t3do2nnFAKWEXLubWfZjS12HqraUJ6Y6su3WJ8EqdWm0270gC0bqpCA==}

  forge-std@https://codeload.github.com/foundry-rs/forge-std/tar.gz/ae570fec082bfe1c1f45b0acca4a2b4f84d345ce:
    resolution: {tarball: https://codeload.github.com/foundry-rs/forge-std/tar.gz/ae570fec082bfe1c1f45b0acca4a2b4f84d345ce}
    version: 1.7.6

  solady@0.0.281:
    resolution: {integrity: sha512-pO/r0cVb6EXwAISE/cgcn1outhvkEKHEnVCSUTlRdIWDnl013CrUtMx8PbkDYfef2TrJB178TOA0jIBDVyjGBg==}

snapshots:

  '@openzeppelin/contracts-upgradeable@5.2.0(@openzeppelin/contracts@5.2.0)':
    dependencies:
      '@openzeppelin/contracts': 5.2.0

  '@openzeppelin/contracts@5.2.0': {}

  '@story-protocol/protocol-core@https://codeload.github.com/storyprotocol/protocol-core-v1/tar.gz/a0cddb1d712566a550fcaca2f8df1f4f67f095ad':
    dependencies:
      '@openzeppelin/contracts': 5.2.0
      '@openzeppelin/contracts-upgradeable': 5.2.0(@openzeppelin/contracts@5.2.0)
      erc6551: 0.3.1
      solady: 0.0.281

  '@story-protocol/protocol-periphery@https://codeload.github.com/storyprotocol/protocol-periphery-v1/tar.gz/7e84f1b9432773628309b4ca3ff840e17fe422b3':
    dependencies:
      '@openzeppelin/contracts': 5.2.0
      '@openzeppelin/contracts-upgradeable': 5.2.0(@openzeppelin/contracts@5.2.0)
      '@story-protocol/protocol-core': https://codeload.github.com/storyprotocol/protocol-core-v1/tar.gz/a0cddb1d712566a550fcaca2f8df1f4f67f095ad
      erc6551: 0.3.1
      solady: 0.0.281

  ds-test@https://codeload.github.com/dapphub/ds-test/tar.gz/e282159d5170298eb2455a6c05280ab5a73a4ef0: {}

  erc6551@0.3.1: {}

  forge-std@https://codeload.github.com/foundry-rs/forge-std/tar.gz/ae570fec082bfe1c1f45b0acca4a2b4f84d345ce: {}

  solady@0.0.281: {}
